
Microsoft Visual Studio Solution File, Format Version 12.00
# Visual Studio 15
VisualStudioVersion = 15.0.26124.0
MinimumVisualStudioVersion = 15.0.26124.0
Project("{FAE04EC0-301F-11D3-BF4B-00C04F79EFBC}") = "SampleProject.Data", "SampleProject.Data\SampleProject.Data.csproj", "{CCE2777E-155B-43EC-A662-36F8AA3437FB}"
EndProject
Project("{FAE04EC0-301F-11D3-BF4B-00C04F79EFBC}") = "SampleProject.Web.Api", "SampleProject.Web.Api\SampleProject.Web.Api.csproj", "{843C488D-B67F-425C-BE76-36AC41CACF9D}"
EndProject
Global
	GlobalSection(SolutionConfigurationPlatforms) = preSolution
		Debug|Any CPU = Debug|Any CPU
		Debug|x64 = Debug|x64
		Debug|x86 = Debug|x86
		Release|Any CPU = Release|Any CPU
		Release|x64 = Release|x64
		Release|x86 = Release|x86
	EndGlobalSection
	GlobalSection(SolutionProperties) = preSolution
		HideSolutionNode = FALSE
	EndGlobalSection
	GlobalSection(ProjectConfigurationPlatforms) = postSolution
		{CCE2777E-155B-43EC-A662-36F8AA3437FB}.Debug|Any CPU.ActiveCfg = Debug|Any CPU
		{CCE2777E-155B-43EC-A662-36F8AA3437FB}.Debug|Any CPU.Build.0 = Debug|Any CPU
		{CCE2777E-155B-43EC-A662-36F8AA3437FB}.Debug|x64.ActiveCfg = Debug|Any CPU
		{CCE2777E-155B-43EC-A662-36F8AA3437FB}.Debug|x64.Build.0 = Debug|Any CPU
		{CCE2777E-155B-43EC-A662-36F8AA3437FB}.Debug|x86.ActiveCfg = Debug|Any CPU
		{CCE2777E-155B-43EC-A662-36F8AA3437FB}.Debug|x86.Build.0 = Debug|Any CPU
		{CCE2777E-155B-43EC-A662-36F8AA3437FB}.Release|Any CPU.ActiveCfg = Release|Any CPU
		{CCE2777E-155B-43EC-A662-36F8AA3437FB}.Release|Any CPU.Build.0 = Release|Any CPU
		{CCE2777E-155B-43EC-A662-36F8AA3437FB}.Release|x64.ActiveCfg = Release|Any CPU
		{CCE2777E-155B-43EC-A662-36F8AA3437FB}.Release|x64.Build.0 = Release|Any CPU
		{CCE2777E-155B-43EC-A662-36F8AA3437FB}.Release|x86.ActiveCfg = Release|Any CPU
		{CCE2777E-155B-43EC-A662-36F8AA3437FB}.Release|x86.Build.0 = Release|Any CPU
		{843C488D-B67F-425C-BE76-36AC41CACF9D}.Debug|Any CPU.ActiveCfg = Debug|Any CPU
		{843C488D-B67F-425C-BE76-36AC41CACF9D}.Debug|Any CPU.Build.0 = Debug|Any CPU
		{843C488D-B67F-425C-BE76-36AC41CACF9D}.Debug|x64.ActiveCfg = Debug|Any CPU
		{843C488D-B67F-425C-BE76-36AC41CACF9D}.Debug|x64.Build.0 = Debug|Any CPU
		{843C488D-B67F-425C-BE76-36AC41CACF9D}.Debug|x86.ActiveCfg = Debug|Any CPU
		{843C488D-B67F-425C-BE76-36AC41CACF9D}.Debug|x86.Build.0 = Debug|Any CPU
		{843C488D-B67F-425C-BE76-36AC41CACF9D}.Release|Any CPU.ActiveCfg = Release|Any CPU
		{843C488D-B67F-425C-BE76-36AC41CACF9D}.Release|Any CPU.Build.0 = Release|Any CPU
		{843C488D-B67F-425C-BE76-36AC41CACF9D}.Release|x64.ActiveCfg = Release|Any CPU
		{843C488D-B67F-425C-BE76-36AC41CACF9D}.Release|x64.Build.0 = Release|Any CPU
		{843C488D-B67F-425C-BE76-36AC41CACF9D}.Release|x86.ActiveCfg = Release|Any CPU
		{843C488D-B67F-425C-BE76-36AC41CACF9D}.Release|x86.Build.0 = Release|Any CPU
	EndGlobalSection
EndGlobal
